{
  "name": "ajs-3-node",
  "version": "1.0.0",
  "lockfileVersion": 1,
  "requires": true,
  "dependencies": {
    "@antyfeev96/ajs-3-0": {
      "version": "1.0.0",
      "resolved": "https://npm.pkg.github.com/download/@antyfeev96/ajs-3-0/1.0.0/790a75780e53d46c982a1558d358d398ac17dc72a97a0f6dbbcc989f260a291b",
      "integrity": "sha512-cMeWRHrvBYsQShqjuZt6ZlfhrurH9YTFARsQ3yelsxG1fFR7fSY76dXZgnJd82S2z1C3mc1zVoFlQdyIonJCQg=="
    }
  }
}
